
Microsoft Visual Studio Solution File, Format Version 12.00
# Visual Studio 15
VisualStudioVersion = 15.0.28307.902
MinimumVisualStudioVersion = 10.0.40219.1
Project("{8BC9CEB8-8B4A-11D0-8D11-00A0C91BC942}") = "DiamondSquareCuda", "DiamondSquareCuda\DiamondSquareCuda.vcxproj", "{8140FAFA-4868-4F14-B297-D5AAB7786D4A}"
EndProject
Global
	GlobalSection(SolutionConfigurationPlatforms) = preSolution
		Debug|x64 = Debug|x64
		Release|x64 = Release|x64
	EndGlobalSection
	GlobalSection(ProjectConfigurationPlatforms) = postSolution
		{8140FAFA-4868-4F14-B297-D5AAB7786D4A}.Debug|x64.ActiveCfg = Debug|x64
		{8140FAFA-4868-4F14-B297-D5AAB7786D4A}.Debug|x64.Build.0 = Debug|x64
		{8140FAFA-4868-4F14-B297-D5AAB7786D4A}.Release|x64.ActiveCfg = Release|x64
		{8140FAFA-4868-4F14-B297-D5AAB7786D4A}.Release|x64.Build.0 = Release|x64
	EndGlobalSection
	GlobalSection(SolutionProperties) = preSolution
		HideSolutionNode = FALSE
	EndGlobalSection
	GlobalSection(ExtensibilityGlobals) = postSolution
		SolutionGuid = {072DA724-3432-43A2-8A29-898428503E1A}
	EndGlobalSection
EndGlobal
